
Microsoft Visual Studio Solution File, Format Version 12.00
# Visual Studio Version 16
VisualStudioVersion = 16.0.31613.86
MinimumVisualStudioVersion = 10.0.40219.1
Project("{FAE04EC0-301F-11D3-BF4B-00C04F79EFBC}") = "ReqresTestTask", "ReqresTestTask\ReqresTestTask.csproj", "{DCF70A48-FEA2-4FFD-81B2-292651FAADE8}"
EndProject
Global
	GlobalSection(SolutionConfigurationPlatforms) = preSolution
		Debug|Any CPU = Debug|Any CPU
		Release|Any CPU = Release|Any CPU
	EndGlobalSection
	GlobalSection(ProjectConfigurationPlatforms) = postSolution
		{DCF70A48-FEA2-4FFD-81B2-292651FAADE8}.Debug|Any CPU.ActiveCfg = Debug|Any CPU
		{DCF70A48-FEA2-4FFD-81B2-292651FAADE8}.Debug|Any CPU.Build.0 = Debug|Any CPU
		{DCF70A48-FEA2-4FFD-81B2-292651FAADE8}.Release|Any CPU.ActiveCfg = Release|Any CPU
		{DCF70A48-FEA2-4FFD-81B2-292651FAADE8}.Release|Any CPU.Build.0 = Release|Any CPU
	EndGlobalSection
	GlobalSection(SolutionProperties) = preSolution
		HideSolutionNode = FALSE
	EndGlobalSection
	GlobalSection(ExtensibilityGlobals) = postSolution
		SolutionGuid = {DB994C64-F39F-4924-97B5-24D7E72B0FD6}
	EndGlobalSection
EndGlobal
